
Microsoft Visual Studio Solution File, Format Version 12.00
# Visual Studio Version 17
VisualStudioVersion = 17.7.34202.233
MinimumVisualStudioVersion = 10.0.40219.1
Project("{9A19103F-16F7-4668-BE54-9A1E7A4F7556}") = "Plana.Composition.Abstractions", "Plana.Composition.Abstractions\Plana.Composition.Abstractions.csproj", "{7A6CF700-A43D-42ED-BE60-8B668D9987B3}"
EndProject
Project("{9A19103F-16F7-4668-BE54-9A1E7A4F7556}") = "Plana.Composition.RenameSymbols", "Plana.Composition.RenameSymbols\Plana.Composition.RenameSymbols.csproj", "{6AEC584C-C7D3-4F32-947D-54C337C7A676}"
EndProject
Project("{9A19103F-16F7-4668-BE54-9A1E7A4F7556}") = "Plana.Logging", "Plana.Logging\Plana.Logging.csproj", "{CD07BAD2-9BE6-4AE0-ADA0-4E8E20EE5055}"
EndProject
Project("{9A19103F-16F7-4668-BE54-9A1E7A4F7556}") = "Plana", "Plana\Plana.csproj", "{F95F626E-FB9F-4930-B531-61F87029751E}"
EndProject
Project("{9A19103F-16F7-4668-BE54-9A1E7A4F7556}") = "Plana.CLI", "Plana.CLI\Plana.CLI.csproj", "{17DA4483-904D-4E6D-9EA4-52253B35C070}"
EndProject
Project("{2150E333-8FDC-42A3-9474-1A3956D46DE8}") = "Compositions", "Compositions", "{777490D7-C220-46FF-96CC-90FAE50D1884}"
EndProject
Project("{2150E333-8FDC-42A3-9474-1A3956D46DE8}") = "CommandLine", "CommandLine", "{8653D3AE-964E-4A9C-B35B-14A2F0EF2207}"
EndProject
Project("{9A19103F-16F7-4668-BE54-9A1E7A4F7556}") = "Plana.Hosting", "Plana.Hosting\Plana.Hosting.csproj", "{2DBFCAAC-88D6-44E1-9883-109989EA86B7}"
EndProject
Project("{9A19103F-16F7-4668-BE54-9A1E7A4F7556}") = "Plana.Logging.Abstractions", "Plana.Logging.Abstractions\Plana.Logging.Abstractions.csproj", "{4FF5DE81-0E77-4F47-B9BF-DD713E521164}"
EndProject
Project("{2150E333-8FDC-42A3-9474-1A3956D46DE8}") = "Abstractions", "Abstractions", "{E1C21130-8089-48B2-B1D8-ABA452FC472B}"
EndProject
Project("{9A19103F-16F7-4668-BE54-9A1E7A4F7556}") = "Plana.Hosting.Abstractions", "Plana.Hosting.Abstractions\Plana.Hosting.Abstractions.csproj", "{2C0A0717-0FF6-48FD-B5E8-E02CA1858BD3}"
EndProject
Project("{9A19103F-16F7-4668-BE54-9A1E7A4F7556}") = "Plana.Workspace.Abstractions", "Plana.Workspace.Abstractions\Plana.Workspace.Abstractions.csproj", "{07369417-457E-42AE-9338-D420A7A3C35C}"
EndProject
Project("{9A19103F-16F7-4668-BE54-9A1E7A4F7556}") = "Plana.Workspace", "Plana.Workspace\Plana.Workspace.csproj", "{9926992E-AD64-4C6F-B0C6-9EC209087F35}"
EndProject
Project("{9A19103F-16F7-4668-BE54-9A1E7A4F7556}") = "Plana.Composition.ShuffleDeclarations", "Plana.Composition.ShuffleDeclarations\Plana.Composition.ShuffleDeclarations.csproj", "{168C3DA6-6D67-4032-A5A6-00A2BA12EAE9}"
EndProject
Project("{9A19103F-16F7-4668-BE54-9A1E7A4F7556}") = "Plana.Composition.DisableConsoleOutput", "Plana.Composition.DisableConsoleOutput\Plana.Composition.DisableConsoleOutput.csproj", "{A4B9BA00-31BD-4E76-BECF-D70F480B654E}"
EndProject
Project("{9A19103F-16F7-4668-BE54-9A1E7A4F7556}") = "Plana.Composition.Extensions", "Plana.Composition.Extensions\Plana.Composition.Extensions.csproj", "{444EE07B-824A-4B8C-AD6E-174139999461}"
EndProject
Project("{2150E333-8FDC-42A3-9474-1A3956D46DE8}") = "Tests", "Tests", "{B174163C-2F3C-45DE-814A-C2A925E817C9}"
EndProject
Project("{FAE04EC0-301F-11D3-BF4B-00C04F79EFBC}") = "Plana.Testing", "Plana.Testing\Plana.Testing.csproj", "{C166502E-B834-413A-B097-933CA727D053}"
EndProject
Project("{FAE04EC0-301F-11D3-BF4B-00C04F79EFBC}") = "Plana.Testing.Logging", "Plana.Testing.Logging\Plana.Testing.Logging.csproj", "{FCB1264A-73B3-490D-B1CF-AF405374CBBA}"
EndProject
Project("{FAE04EC0-301F-11D3-BF4B-00C04F79EFBC}") = "Plana.Workspace.Tests", "Plana.Workspace.Tests\Plana.Workspace.Tests.csproj", "{D3C6F600-6C4E-4B21-894E-126390633E35}"
EndProject
Project("{FAE04EC0-301F-11D3-BF4B-00C04F79EFBC}") = "Plana.Composition.Extensions.Tests", "Plana.Composition.Extensions.Tests\Plana.Composition.Extensions.Tests.csproj", "{0902F5EC-0721-4EEF-BA34-7312BC94422F}"
EndProject
Global
	GlobalSection(SolutionConfigurationPlatforms) = preSolution
		Debug|Any CPU = Debug|Any CPU
		Release|Any CPU = Release|Any CPU
	EndGlobalSection
	GlobalSection(ProjectConfigurationPlatforms) = postSolution
		{7A6CF700-A43D-42ED-BE60-8B668D9987B3}.Debug|Any CPU.ActiveCfg = Debug|Any CPU
		{7A6CF700-A43D-42ED-BE60-8B668D9987B3}.Debug|Any CPU.Build.0 = Debug|Any CPU
		{7A6CF700-A43D-42ED-BE60-8B668D9987B3}.Release|Any CPU.ActiveCfg = Release|Any CPU
		{7A6CF700-A43D-42ED-BE60-8B668D9987B3}.Release|Any CPU.Build.0 = Release|Any CPU
		{6AEC584C-C7D3-4F32-947D-54C337C7A676}.Debug|Any CPU.ActiveCfg = Debug|Any CPU
		{6AEC584C-C7D3-4F32-947D-54C337C7A676}.Debug|Any CPU.Build.0 = Debug|Any CPU
		{6AEC584C-C7D3-4F32-947D-54C337C7A676}.Release|Any CPU.ActiveCfg = Release|Any CPU
		{6AEC584C-C7D3-4F32-947D-54C337C7A676}.Release|Any CPU.Build.0 = Release|Any CPU
		{CD07BAD2-9BE6-4AE0-ADA0-4E8E20EE5055}.Debug|Any CPU.ActiveCfg = Debug|Any CPU
		{CD07BAD2-9BE6-4AE0-ADA0-4E8E20EE5055}.Debug|Any CPU.Build.0 = Debug|Any CPU
		{CD07BAD2-9BE6-4AE0-ADA0-4E8E20EE5055}.Release|Any CPU.ActiveCfg = Release|Any CPU
		{CD07BAD2-9BE6-4AE0-ADA0-4E8E20EE5055}.Release|Any CPU.Build.0 = Release|Any CPU
		{F95F626E-FB9F-4930-B531-61F87029751E}.Debug|Any CPU.ActiveCfg = Debug|Any CPU
		{F95F626E-FB9F-4930-B531-61F87029751E}.Debug|Any CPU.Build.0 = Debug|Any CPU
		{F95F626E-FB9F-4930-B531-61F87029751E}.Release|Any CPU.ActiveCfg = Release|Any CPU
		{F95F626E-FB9F-4930-B531-61F87029751E}.Release|Any CPU.Build.0 = Release|Any CPU
		{17DA4483-904D-4E6D-9EA4-52253B35C070}.Debug|Any CPU.ActiveCfg = Debug|Any CPU
		{17DA4483-904D-4E6D-9EA4-52253B35C070}.Debug|Any CPU.Build.0 = Debug|Any CPU
		{17DA4483-904D-4E6D-9EA4-52253B35C070}.Release|Any CPU.ActiveCfg = Release|Any CPU
		{17DA4483-904D-4E6D-9EA4-52253B35C070}.Release|Any CPU.Build.0 = Release|Any CPU
		{2DBFCAAC-88D6-44E1-9883-109989EA86B7}.Debug|Any CPU.ActiveCfg = Debug|Any CPU
		{2DBFCAAC-88D6-44E1-9883-109989EA86B7}.Debug|Any CPU.Build.0 = Debug|Any CPU
		{2DBFCAAC-88D6-44E1-9883-109989EA86B7}.Release|Any CPU.ActiveCfg = Release|Any CPU
		{2DBFCAAC-88D6-44E1-9883-109989EA86B7}.Release|Any CPU.Build.0 = Release|Any CPU
		{4FF5DE81-0E77-4F47-B9BF-DD713E521164}.Debug|Any CPU.ActiveCfg = Debug|Any CPU
		{4FF5DE81-0E77-4F47-B9BF-DD713E521164}.Debug|Any CPU.Build.0 = Debug|Any CPU
		{4FF5DE81-0E77-4F47-B9BF-DD713E521164}.Release|Any CPU.ActiveCfg = Release|Any CPU
		{4FF5DE81-0E77-4F47-B9BF-DD713E521164}.Release|Any CPU.Build.0 = Release|Any CPU
		{2C0A0717-0FF6-48FD-B5E8-E02CA1858BD3}.Debug|Any CPU.ActiveCfg = Debug|Any CPU
		{2C0A0717-0FF6-48FD-B5E8-E02CA1858BD3}.Debug|Any CPU.Build.0 = Debug|Any CPU
		{2C0A0717-0FF6-48FD-B5E8-E02CA1858BD3}.Release|Any CPU.ActiveCfg = Release|Any CPU
		{2C0A0717-0FF6-48FD-B5E8-E02CA1858BD3}.Release|Any CPU.Build.0 = Release|Any CPU
		{07369417-457E-42AE-9338-D420A7A3C35C}.Debug|Any CPU.ActiveCfg = Debug|Any CPU
		{07369417-457E-42AE-9338-D420A7A3C35C}.Debug|Any CPU.Build.0 = Debug|Any CPU
		{07369417-457E-42AE-9338-D420A7A3C35C}.Release|Any CPU.ActiveCfg = Release|Any CPU
		{07369417-457E-42AE-9338-D420A7A3C35C}.Release|Any CPU.Build.0 = Release|Any CPU
		{9926992E-AD64-4C6F-B0C6-9EC209087F35}.Debug|Any CPU.ActiveCfg = Debug|Any CPU
		{9926992E-AD64-4C6F-B0C6-9EC209087F35}.Debug|Any CPU.Build.0 = Debug|Any CPU
		{9926992E-AD64-4C6F-B0C6-9EC209087F35}.Release|Any CPU.ActiveCfg = Release|Any CPU
		{9926992E-AD64-4C6F-B0C6-9EC209087F35}.Release|Any CPU.Build.0 = Release|Any CPU
		{168C3DA6-6D67-4032-A5A6-00A2BA12EAE9}.Debug|Any CPU.ActiveCfg = Debug|Any CPU
		{168C3DA6-6D67-4032-A5A6-00A2BA12EAE9}.Debug|Any CPU.Build.0 = Debug|Any CPU
		{168C3DA6-6D67-4032-A5A6-00A2BA12EAE9}.Release|Any CPU.ActiveCfg = Release|Any CPU
		{168C3DA6-6D67-4032-A5A6-00A2BA12EAE9}.Release|Any CPU.Build.0 = Release|Any CPU
		{A4B9BA00-31BD-4E76-BECF-D70F480B654E}.Debug|Any CPU.ActiveCfg = Debug|Any CPU
		{A4B9BA00-31BD-4E76-BECF-D70F480B654E}.Debug|Any CPU.Build.0 = Debug|Any CPU
		{A4B9BA00-31BD-4E76-BECF-D70F480B654E}.Release|Any CPU.ActiveCfg = Release|Any CPU
		{A4B9BA00-31BD-4E76-BECF-D70F480B654E}.Release|Any CPU.Build.0 = Release|Any CPU
		{444EE07B-824A-4B8C-AD6E-174139999461}.Debug|Any CPU.ActiveCfg = Debug|Any CPU
		{444EE07B-824A-4B8C-AD6E-174139999461}.Debug|Any CPU.Build.0 = Debug|Any CPU
		{444EE07B-824A-4B8C-AD6E-174139999461}.Release|Any CPU.ActiveCfg = Release|Any CPU
		{444EE07B-824A-4B8C-AD6E-174139999461}.Release|Any CPU.Build.0 = Release|Any CPU
		{C166502E-B834-413A-B097-933CA727D053}.Debug|Any CPU.ActiveCfg = Debug|Any CPU
		{C166502E-B834-413A-B097-933CA727D053}.Debug|Any CPU.Build.0 = Debug|Any CPU
		{C166502E-B834-413A-B097-933CA727D053}.Release|Any CPU.ActiveCfg = Release|Any CPU
		{C166502E-B834-413A-B097-933CA727D053}.Release|Any CPU.Build.0 = Release|Any CPU
		{FCB1264A-73B3-490D-B1CF-AF405374CBBA}.Debug|Any CPU.ActiveCfg = Debug|Any CPU
		{FCB1264A-73B3-490D-B1CF-AF405374CBBA}.Debug|Any CPU.Build.0 = Debug|Any CPU
		{FCB1264A-73B3-490D-B1CF-AF405374CBBA}.Release|Any CPU.ActiveCfg = Release|Any CPU
		{FCB1264A-73B3-490D-B1CF-AF405374CBBA}.Release|Any CPU.Build.0 = Release|Any CPU
		{D3C6F600-6C4E-4B21-894E-126390633E35}.Debug|Any CPU.ActiveCfg = Debug|Any CPU
		{D3C6F600-6C4E-4B21-894E-126390633E35}.Debug|Any CPU.Build.0 = Debug|Any CPU
		{D3C6F600-6C4E-4B21-894E-126390633E35}.Release|Any CPU.ActiveCfg = Release|Any CPU
		{D3C6F600-6C4E-4B21-894E-126390633E35}.Release|Any CPU.Build.0 = Release|Any CPU
		{0902F5EC-0721-4EEF-BA34-7312BC94422F}.Debug|Any CPU.ActiveCfg = Debug|Any CPU
		{0902F5EC-0721-4EEF-BA34-7312BC94422F}.Debug|Any CPU.Build.0 = Debug|Any CPU
		{0902F5EC-0721-4EEF-BA34-7312BC94422F}.Release|Any CPU.ActiveCfg = Release|Any CPU
		{0902F5EC-0721-4EEF-BA34-7312BC94422F}.Release|Any CPU.Build.0 = Release|Any CPU
	EndGlobalSection
	GlobalSection(SolutionProperties) = preSolution
		HideSolutionNode = FALSE
	EndGlobalSection
	GlobalSection(NestedProjects) = preSolution
		{7A6CF700-A43D-42ED-BE60-8B668D9987B3} = {E1C21130-8089-48B2-B1D8-ABA452FC472B}
		{6AEC584C-C7D3-4F32-947D-54C337C7A676} = {777490D7-C220-46FF-96CC-90FAE50D1884}
		{17DA4483-904D-4E6D-9EA4-52253B35C070} = {8653D3AE-964E-4A9C-B35B-14A2F0EF2207}
		{4FF5DE81-0E77-4F47-B9BF-DD713E521164} = {E1C21130-8089-48B2-B1D8-ABA452FC472B}
		{2C0A0717-0FF6-48FD-B5E8-E02CA1858BD3} = {E1C21130-8089-48B2-B1D8-ABA452FC472B}
		{07369417-457E-42AE-9338-D420A7A3C35C} = {E1C21130-8089-48B2-B1D8-ABA452FC472B}
		{168C3DA6-6D67-4032-A5A6-00A2BA12EAE9} = {777490D7-C220-46FF-96CC-90FAE50D1884}
		{A4B9BA00-31BD-4E76-BECF-D70F480B654E} = {777490D7-C220-46FF-96CC-90FAE50D1884}
		{444EE07B-824A-4B8C-AD6E-174139999461} = {777490D7-C220-46FF-96CC-90FAE50D1884}
		{C166502E-B834-413A-B097-933CA727D053} = {B174163C-2F3C-45DE-814A-C2A925E817C9}
		{FCB1264A-73B3-490D-B1CF-AF405374CBBA} = {B174163C-2F3C-45DE-814A-C2A925E817C9}
		{D3C6F600-6C4E-4B21-894E-126390633E35} = {B174163C-2F3C-45DE-814A-C2A925E817C9}
		{0902F5EC-0721-4EEF-BA34-7312BC94422F} = {B174163C-2F3C-45DE-814A-C2A925E817C9}
	EndGlobalSection
	GlobalSection(ExtensibilityGlobals) = postSolution
		SolutionGuid = {129FBC52-9058-4F4A-88B3-A23978C16A72}
	EndGlobalSection
EndGlobal
