
Microsoft Visual Studio Solution File, Format Version 12.00
# Visual Studio Version 17
VisualStudioVersion = 17.7.34202.233
MinimumVisualStudioVersion = 10.0.40219.1
Project("{9A19103F-16F7-4668-BE54-9A1E7A4F7556}") = "UdonObfuscator.Logging", "UdonObfuscator.Logging\UdonObfuscator.Logging.csproj", "{CD07BAD2-9BE6-4AE0-ADA0-4E8E20EE5055}"
EndProject
Project("{9A19103F-16F7-4668-BE54-9A1E7A4F7556}") = "UdonObfuscator", "UdonObfuscator\UdonObfuscator.csproj", "{F95F626E-FB9F-4930-B531-61F87029751E}"
EndProject
Global
	GlobalSection(SolutionConfigurationPlatforms) = preSolution
		Debug|Any CPU = Debug|Any CPU
		Release|Any CPU = Release|Any CPU
	EndGlobalSection
	GlobalSection(ProjectConfigurationPlatforms) = postSolution
		{6AEC584C-C7D3-4F32-947D-54C337C7A676}.Debug|Any CPU.ActiveCfg = Debug|Any CPU
		{6AEC584C-C7D3-4F32-947D-54C337C7A676}.Debug|Any CPU.Build.0 = Debug|Any CPU
		{6AEC584C-C7D3-4F32-947D-54C337C7A676}.Release|Any CPU.ActiveCfg = Release|Any CPU
		{6AEC584C-C7D3-4F32-947D-54C337C7A676}.Release|Any CPU.Build.0 = Release|Any CPU
		{F95F626E-FB9F-4930-B531-61F87029751E}.Debug|Any CPU.ActiveCfg = Debug|Any CPU
		{F95F626E-FB9F-4930-B531-61F87029751E}.Debug|Any CPU.Build.0 = Debug|Any CPU
		{F95F626E-FB9F-4930-B531-61F87029751E}.Release|Any CPU.ActiveCfg = Release|Any CPU
		{F95F626E-FB9F-4930-B531-61F87029751E}.Release|Any CPU.Build.0 = Release|Any CPU
	EndGlobalSection
	GlobalSection(SolutionProperties) = preSolution
		HideSolutionNode = FALSE
	EndGlobalSection
	GlobalSection(ExtensibilityGlobals) = postSolution
		SolutionGuid = {129FBC52-9058-4F4A-88B3-A23978C16A72}
	EndGlobalSection
EndGlobal
